
Microsoft Visual Studio Solution File, Format Version 12.00
# Visual Studio 15
Project("{FAE04EC0-301F-11D3-BF4B-00C04F79EFBC}") = "Assembly-CSharp", "Assembly-CSharp.csproj", "{00985517-755A-762E-A8FC-5EF93E84CDD5}"
EndProject
Project("{FAE04EC0-301F-11D3-BF4B-00C04F79EFBC}") = "Assembly-CSharp-Editor", "Assembly-CSharp-Editor.csproj", "{3DD75A9F-3D5D-140B-1DF9-AEB7696741A9}"
EndProject
Global
	GlobalSection(SolutionConfigurationPlatforms) = preSolution
		Debug|Any CPU = Debug|Any CPU
		Release|Any CPU = Release|Any CPU
	EndGlobalSection
	GlobalSection(ProjectConfigurationPlatforms) = postSolution
		{00985517-755A-762E-A8FC-5EF93E84CDD5}.Debug|Any CPU.ActiveCfg = Debug|Any CPU
		{00985517-755A-762E-A8FC-5EF93E84CDD5}.Debug|Any CPU.Build.0 = Debug|Any CPU
		{00985517-755A-762E-A8FC-5EF93E84CDD5}.Release|Any CPU.ActiveCfg = Release|Any CPU
		{00985517-755A-762E-A8FC-5EF93E84CDD5}.Release|Any CPU.Build.0 = Release|Any CPU
		{3DD75A9F-3D5D-140B-1DF9-AEB7696741A9}.Debug|Any CPU.ActiveCfg = Debug|Any CPU
		{3DD75A9F-3D5D-140B-1DF9-AEB7696741A9}.Debug|Any CPU.Build.0 = Debug|Any CPU
		{3DD75A9F-3D5D-140B-1DF9-AEB7696741A9}.Release|Any CPU.ActiveCfg = Release|Any CPU
		{3DD75A9F-3D5D-140B-1DF9-AEB7696741A9}.Release|Any CPU.Build.0 = Release|Any CPU
	EndGlobalSection
	GlobalSection(SolutionProperties) = preSolution
		HideSolutionNode = FALSE
	EndGlobalSection
EndGlobal
