
Microsoft Visual Studio Solution File, Format Version 12.00
# Visual Studio 15
Project("{FAE04EC0-301F-11D3-BF4B-00C04F79EFBC}") = "Assembly-CSharp", "Assembly-CSharp.csproj", "{A10600CA-DE20-5730-46A2-85B7D7148161}"
EndProject
Project("{FAE04EC0-301F-11D3-BF4B-00C04F79EFBC}") = "Assembly-CSharp-Editor", "Assembly-CSharp-Editor.csproj", "{94B451BE-59F6-E84A-7FC8-A96AFD25BAE0}"
EndProject
Global
	GlobalSection(SolutionConfigurationPlatforms) = preSolution
		Debug|Any CPU = Debug|Any CPU
		Release|Any CPU = Release|Any CPU
	EndGlobalSection
	GlobalSection(ProjectConfigurationPlatforms) = postSolution
		{A10600CA-DE20-5730-46A2-85B7D7148161}.Debug|Any CPU.ActiveCfg = Debug|Any CPU
		{A10600CA-DE20-5730-46A2-85B7D7148161}.Debug|Any CPU.Build.0 = Debug|Any CPU
		{A10600CA-DE20-5730-46A2-85B7D7148161}.Release|Any CPU.ActiveCfg = Release|Any CPU
		{A10600CA-DE20-5730-46A2-85B7D7148161}.Release|Any CPU.Build.0 = Release|Any CPU
		{94B451BE-59F6-E84A-7FC8-A96AFD25BAE0}.Debug|Any CPU.ActiveCfg = Debug|Any CPU
		{94B451BE-59F6-E84A-7FC8-A96AFD25BAE0}.Debug|Any CPU.Build.0 = Debug|Any CPU
		{94B451BE-59F6-E84A-7FC8-A96AFD25BAE0}.Release|Any CPU.ActiveCfg = Release|Any CPU
		{94B451BE-59F6-E84A-7FC8-A96AFD25BAE0}.Release|Any CPU.Build.0 = Release|Any CPU
	EndGlobalSection
	GlobalSection(SolutionProperties) = preSolution
		HideSolutionNode = FALSE
	EndGlobalSection
EndGlobal
